
Microsoft Visual Studio Solution File, Format Version 12.00
# Visual Studio Version 16
VisualStudioVersion = 16.0.29025.244
MinimumVisualStudioVersion = 10.0.40219.1
Project("{FAE04EC0-301F-11D3-BF4B-00C04F79EFBC}") = "TextViews", "TextViews\TextViews.csproj", "{4DDA8956-B9B0-4A8C-995E-9D61648B3354}"
EndProject
Global
	GlobalSection(SolutionConfigurationPlatforms) = preSolution
		Debug|Any CPU = Debug|Any CPU
		Release|Any CPU = Release|Any CPU
	EndGlobalSection
	GlobalSection(ProjectConfigurationPlatforms) = postSolution
		{4DDA8956-B9B0-4A8C-995E-9D61648B3354}.Debug|Any CPU.ActiveCfg = Debug|Any CPU
		{4DDA8956-B9B0-4A8C-995E-9D61648B3354}.Debug|Any CPU.Build.0 = Debug|Any CPU
		{4DDA8956-B9B0-4A8C-995E-9D61648B3354}.Debug|Any CPU.Deploy.0 = Debug|Any CPU
		{4DDA8956-B9B0-4A8C-995E-9D61648B3354}.Release|Any CPU.ActiveCfg = Release|Any CPU
		{4DDA8956-B9B0-4A8C-995E-9D61648B3354}.Release|Any CPU.Build.0 = Release|Any CPU
		{4DDA8956-B9B0-4A8C-995E-9D61648B3354}.Release|Any CPU.Deploy.0 = Release|Any CPU
	EndGlobalSection
	GlobalSection(SolutionProperties) = preSolution
		HideSolutionNode = FALSE
	EndGlobalSection
	GlobalSection(ExtensibilityGlobals) = postSolution
		SolutionGuid = {CBA8F6C8-FFD1-4CDC-9207-CBD4DDCB027E}
	EndGlobalSection
EndGlobal
