
Microsoft Visual Studio Solution File, Format Version 12.00
# Visual Studio Version 16
VisualStudioVersion = 16.0.28917.181
MinimumVisualStudioVersion = 10.0.40219.1
Project("{FAE04EC0-301F-11D3-BF4B-00C04F79EFBC}") = "SistemaAcad", "SistemaAcad\SistemaAcad.csproj", "{63FC60C6-E2A2-4235-BD82-D1605B6B341D}"
EndProject
Global
	GlobalSection(SolutionConfigurationPlatforms) = preSolution
		Debug|Any CPU = Debug|Any CPU
		Release|Any CPU = Release|Any CPU
	EndGlobalSection
	GlobalSection(ProjectConfigurationPlatforms) = postSolution
		{63FC60C6-E2A2-4235-BD82-D1605B6B341D}.Debug|Any CPU.ActiveCfg = Debug|Any CPU
		{63FC60C6-E2A2-4235-BD82-D1605B6B341D}.Debug|Any CPU.Build.0 = Debug|Any CPU
		{63FC60C6-E2A2-4235-BD82-D1605B6B341D}.Release|Any CPU.ActiveCfg = Release|Any CPU
		{63FC60C6-E2A2-4235-BD82-D1605B6B341D}.Release|Any CPU.Build.0 = Release|Any CPU
	EndGlobalSection
	GlobalSection(SolutionProperties) = preSolution
		HideSolutionNode = FALSE
	EndGlobalSection
	GlobalSection(ExtensibilityGlobals) = postSolution
		SolutionGuid = {3C83D6E8-953E-4931-957E-EEDC647BABF0}
	EndGlobalSection
EndGlobal
